{
  "name": "claudia",
  "version": "4.0.0",
  "dependencies": {
    "agent-base": {
      "version": "4.2.0",
      "from": "agent-base@>=4.2.0 <5.0.0",
      "resolved": "https://registry.npmjs.org/agent-base/-/agent-base-4.2.0.tgz"
    },
    "archiver": {
      "version": "2.0.0",
      "from": "archiver@>=2.0.0 <3.0.0",
      "resolved": "https://registry.npmjs.org/archiver/-/archiver-2.0.0.tgz",
      "dependencies": {
        "tar-stream": {
          "version": "1.5.4",
          "from": "tar-stream@^1.5.0",
          "resolved": "https://registry.npmjs.org/tar-stream/-/tar-stream-1.5.4.tgz"
        }
      }
    },
    "archiver-utils": {
      "version": "1.3.0",
      "from": "archiver-utils@>=1.3.0 <2.0.0",
      "resolved": "https://registry.npmjs.org/archiver-utils/-/archiver-utils-1.3.0.tgz"
    },
    "ast-types": {
      "version": "0.11.3",
      "from": "ast-types@>=0.0.0 <1.0.0",
      "resolved": "https://registry.npmjs.org/ast-types/-/ast-types-0.11.3.tgz"
    },
    "async": {
      "version": "2.5.0",
      "from": "async@>=2.0.0 <3.0.0",
      "resolved": "https://registry.npmjs.org/async/-/async-2.5.0.tgz"
    },
    "aws-sdk": {
      "version": "2.173.0",
      "from": "aws-sdk@latest",
      "resolved": "https://registry.npmjs.org/aws-sdk/-/aws-sdk-2.173.0.tgz",
      "dependencies": {
        "uuid": {
          "version": "3.1.0",
          "from": "uuid@3.1.0",
          "resolved": "https://registry.npmjs.org/uuid/-/uuid-3.1.0.tgz"
        }
      }
    },
    "balanced-match": {
      "version": "0.4.2",
      "from": "balanced-match@^0.4.1",
      "resolved": "https://registry.npmjs.org/balanced-match/-/balanced-match-0.4.2.tgz"
    },
    "base64-js": {
      "version": "1.2.1",
      "from": "base64-js@>=1.0.2 <2.0.0",
      "resolved": "https://registry.npmjs.org/base64-js/-/base64-js-1.2.1.tgz"
    },
    "bl": {
      "version": "1.2.1",
      "from": "bl@^1.0.0",
      "resolved": "https://registry.npmjs.org/bl/-/bl-1.2.1.tgz"
    },
    "brace-expansion": {
      "version": "1.1.7",
      "from": "brace-expansion@^1.1.7",
      "resolved": "https://registry.npmjs.org/brace-expansion/-/brace-expansion-1.1.7.tgz"
    },
    "browserify-zlib": {
      "version": "0.1.4",
      "from": "browserify-zlib@^0.1.4",
      "resolved": "https://registry.npmjs.org/browserify-zlib/-/browserify-zlib-0.1.4.tgz"
    },
    "buffer": {
      "version": "4.9.1",
      "from": "buffer@4.9.1",
      "resolved": "https://registry.npmjs.org/buffer/-/buffer-4.9.1.tgz",
      "dependencies": {
        "isarray": {
          "version": "1.0.0",
          "from": "isarray@>=1.0.0 <2.0.0",
          "resolved": "https://registry.npmjs.org/isarray/-/isarray-1.0.0.tgz"
        }
      }
    },
    "buffer-crc32": {
      "version": "0.2.13",
      "from": "buffer-crc32@~0.2.1",
      "resolved": "https://registry.npmjs.org/buffer-crc32/-/buffer-crc32-0.2.13.tgz"
    },
    "bytes": {
      "version": "3.0.0",
      "from": "bytes@3.0.0",
      "resolved": "https://registry.npmjs.org/bytes/-/bytes-3.0.0.tgz"
    },
    "chownr": {
      "version": "1.0.1",
      "from": "chownr@^1.0.1",
      "resolved": "https://registry.npmjs.org/chownr/-/chownr-1.0.1.tgz"
    },
    "co": {
      "version": "4.6.0",
      "from": "co@>=4.6.0 <5.0.0",
      "resolved": "https://registry.npmjs.org/co/-/co-4.6.0.tgz"
    },
    "compress-commons": {
      "version": "1.2.0",
      "from": "compress-commons@>=1.2.0 <2.0.0",
      "resolved": "https://registry.npmjs.org/compress-commons/-/compress-commons-1.2.0.tgz"
    },
    "concat-map": {
      "version": "0.0.1",
      "from": "concat-map@0.0.1",
      "resolved": "https://registry.npmjs.org/concat-map/-/concat-map-0.0.1.tgz"
    },
    "core-util-is": {
      "version": "1.0.2",
      "from": "core-util-is@~1.0.0",
      "resolved": "https://registry.npmjs.org/core-util-is/-/core-util-is-1.0.2.tgz"
    },
    "crc": {
      "version": "3.4.4",
      "from": "crc@^3.4.4",
      "resolved": "https://registry.npmjs.org/crc/-/crc-3.4.4.tgz"
    },
    "crc32-stream": {
      "version": "2.0.0",
      "from": "crc32-stream@>=2.0.0 <3.0.0",
      "resolved": "https://registry.npmjs.org/crc32-stream/-/crc32-stream-2.0.0.tgz"
    },
    "crypto-browserify": {
      "version": "1.0.9",
      "from": "crypto-browserify@1.0.9",
      "resolved": "https://registry.npmjs.org/crypto-browserify/-/crypto-browserify-1.0.9.tgz"
    },
    "data-uri-to-buffer": {
      "version": "1.2.0",
      "from": "data-uri-to-buffer@>=1.0.0 <2.0.0",
      "resolved": "https://registry.npmjs.org/data-uri-to-buffer/-/data-uri-to-buffer-1.2.0.tgz"
    },
    "debug": {
      "version": "2.6.8",
      "from": "debug@2",
      "resolved": "https://registry.npmjs.org/debug/-/debug-2.6.8.tgz"
    },
    "deep-is": {
      "version": "0.1.3",
      "from": "deep-is@~0.1.3",
      "resolved": "https://registry.npmjs.org/deep-is/-/deep-is-0.1.3.tgz"
    },
    "degenerator": {
      "version": "1.0.4",
      "from": "degenerator@>=1.0.4 <2.0.0",
      "resolved": "https://registry.npmjs.org/degenerator/-/degenerator-1.0.4.tgz"
    },
    "depd": {
      "version": "1.1.1",
      "from": "depd@1.1.1",
      "resolved": "https://registry.npmjs.org/depd/-/depd-1.1.1.tgz"
    },
    "duplexify": {
      "version": "3.5.0",
      "from": "duplexify@^3.5.0",
      "resolved": "https://registry.npmjs.org/duplexify/-/duplexify-3.5.0.tgz",
      "dependencies": {
        "end-of-stream": {
          "version": "1.0.0",
          "from": "end-of-stream@1.0.0",
          "resolved": "https://registry.npmjs.org/end-of-stream/-/end-of-stream-1.0.0.tgz"
        },
        "once": {
          "version": "1.3.3",
          "from": "once@~1.3.0",
          "resolved": "https://registry.npmjs.org/once/-/once-1.3.3.tgz"
        }
      }
    },
    "end-of-stream": {
      "version": "1.4.0",
      "from": "end-of-stream@^1.0.0",
      "resolved": "https://registry.npmjs.org/end-of-stream/-/end-of-stream-1.4.0.tgz"
    },
    "es6-promise": {
      "version": "4.2.4",
      "from": "es6-promise@>=4.0.3 <5.0.0",
      "resolved": "https://registry.npmjs.org/es6-promise/-/es6-promise-4.2.4.tgz"
    },
    "es6-promisify": {
      "version": "5.0.0",
      "from": "es6-promisify@>=5.0.0 <6.0.0",
      "resolved": "https://registry.npmjs.org/es6-promisify/-/es6-promisify-5.0.0.tgz"
    },
    "escodegen": {
      "version": "1.9.1",
      "from": "escodegen@>=1.0.0 <2.0.0",
      "resolved": "https://registry.npmjs.org/escodegen/-/escodegen-1.9.1.tgz"
    },
    "esprima": {
      "version": "3.1.3",
      "from": "esprima@3.x.x",
      "resolved": "https://registry.npmjs.org/esprima/-/esprima-3.1.3.tgz"
    },
    "estraverse": {
      "version": "4.2.0",
      "from": "estraverse@>=4.2.0 <5.0.0",
      "resolved": "https://registry.npmjs.org/estraverse/-/estraverse-4.2.0.tgz"
    },
    "esutils": {
      "version": "2.0.2",
      "from": "esutils@^2.0.2",
      "resolved": "https://registry.npmjs.org/esutils/-/esutils-2.0.2.tgz"
    },
    "events": {
      "version": "1.1.1",
      "from": "events@>=1.1.1 <2.0.0",
      "resolved": "https://registry.npmjs.org/events/-/events-1.1.1.tgz"
    },
    "extend": {
      "version": "3.0.1",
      "from": "extend@>=3.0.0 <4.0.0",
      "resolved": "https://registry.npmjs.org/extend/-/extend-3.0.1.tgz"
    },
    "fast-levenshtein": {
      "version": "2.0.6",
      "from": "fast-levenshtein@~2.0.4",
      "resolved": "https://registry.npmjs.org/fast-levenshtein/-/fast-levenshtein-2.0.6.tgz"
    },
    "file-uri-to-path": {
      "version": "1.0.0",
      "from": "file-uri-to-path@>=1.0.0 <2.0.0",
      "resolved": "https://registry.npmjs.org/file-uri-to-path/-/file-uri-to-path-1.0.0.tgz"
    },
    "fs.realpath": {
      "version": "1.0.0",
      "from": "fs.realpath@^1.0.0",
      "resolved": "https://registry.npmjs.org/fs.realpath/-/fs.realpath-1.0.0.tgz"
    },
    "ftp": {
      "version": "0.3.10",
      "from": "ftp@>=0.3.10 <0.4.0",
      "resolved": "https://registry.npmjs.org/ftp/-/ftp-0.3.10.tgz",
      "dependencies": {
        "readable-stream": {
          "version": "1.1.14",
          "from": "readable-stream@>=1.1.0 <1.2.0",
          "resolved": "https://registry.npmjs.org/readable-stream/-/readable-stream-1.1.14.tgz"
        }
      }
    },
    "get-uri": {
      "version": "2.0.1",
      "from": "get-uri@>=2.0.0 <3.0.0",
      "resolved": "https://registry.npmjs.org/get-uri/-/get-uri-2.0.1.tgz"
    },
    "glob": {
      "version": "7.1.2",
      "from": "glob@>=7.0.3 <8.0.0",
      "resolved": "https://registry.npmjs.org/glob/-/glob-7.1.2.tgz"
    },
    "graceful-fs": {
      "version": "4.1.11",
      "from": "graceful-fs@^4.1.2",
      "resolved": "https://registry.npmjs.org/graceful-fs/-/graceful-fs-4.1.11.tgz"
    },
    "gunzip-maybe": {
      "version": "1.4.0",
      "from": "gunzip-maybe@^1.3.1",
      "resolved": "https://registry.npmjs.org/gunzip-maybe/-/gunzip-maybe-1.4.0.tgz"
    },
    "http-errors": {
      "version": "1.6.2",
      "from": "http-errors@1.6.2",
      "resolved": "https://registry.npmjs.org/http-errors/-/http-errors-1.6.2.tgz"
    },
    "http-proxy-agent": {
      "version": "1.0.0",
      "from": "http-proxy-agent@>=1.0.0 <2.0.0",
      "resolved": "https://registry.npmjs.org/http-proxy-agent/-/http-proxy-agent-1.0.0.tgz",
      "dependencies": {
        "agent-base": {
          "version": "2.1.1",
          "from": "agent-base@>=2.0.0 <3.0.0",
          "resolved": "https://registry.npmjs.org/agent-base/-/agent-base-2.1.1.tgz"
        }
      }
    },
    "https-proxy-agent": {
      "version": "1.0.0",
      "from": "https-proxy-agent@>=1.0.0 <2.0.0",
      "resolved": "https://registry.npmjs.org/https-proxy-agent/-/https-proxy-agent-1.0.0.tgz",
      "dependencies": {
        "agent-base": {
          "version": "2.1.1",
          "from": "agent-base@>=2.0.0 <3.0.0",
          "resolved": "https://registry.npmjs.org/agent-base/-/agent-base-2.1.1.tgz"
        }
      }
    },
    "iconv-lite": {
      "version": "0.4.19",
      "from": "iconv-lite@0.4.19",
      "resolved": "https://registry.npmjs.org/iconv-lite/-/iconv-lite-0.4.19.tgz"
    },
    "ieee754": {
      "version": "1.1.8",
      "from": "ieee754@>=1.1.4 <2.0.0",
      "resolved": "https://registry.npmjs.org/ieee754/-/ieee754-1.1.8.tgz"
    },
    "inflight": {
      "version": "1.0.6",
      "from": "inflight@^1.0.4",
      "resolved": "https://registry.npmjs.org/inflight/-/inflight-1.0.6.tgz"
    },
    "inherits": {
      "version": "2.0.3",
      "from": "inherits@2",
      "resolved": "https://registry.npmjs.org/inherits/-/inherits-2.0.3.tgz"
    },
    "ip": {
      "version": "1.1.5",
      "from": "ip@>=1.1.5 <2.0.0",
      "resolved": "https://registry.npmjs.org/ip/-/ip-1.1.5.tgz"
    },
    "is-deflate": {
      "version": "1.0.0",
      "from": "is-deflate@^1.0.0",
      "resolved": "https://registry.npmjs.org/is-deflate/-/is-deflate-1.0.0.tgz"
    },
    "is-gzip": {
      "version": "1.0.0",
      "from": "is-gzip@^1.0.0",
      "resolved": "https://registry.npmjs.org/is-gzip/-/is-gzip-1.0.0.tgz"
    },
    "isarray": {
      "version": "0.0.1",
      "from": "isarray@0.0.1",
      "resolved": "https://registry.npmjs.org/isarray/-/isarray-0.0.1.tgz"
    },
    "jmespath": {
      "version": "0.15.0",
      "from": "jmespath@0.15.0",
      "resolved": "https://registry.npmjs.org/jmespath/-/jmespath-0.15.0.tgz"
    },
    "lazystream": {
      "version": "1.0.0",
      "from": "lazystream@>=1.0.0 <2.0.0",
      "resolved": "https://registry.npmjs.org/lazystream/-/lazystream-1.0.0.tgz"
    },
    "levn": {
      "version": "0.3.0",
      "from": "levn@~0.3.0",
      "resolved": "https://registry.npmjs.org/levn/-/levn-0.3.0.tgz"
    },
    "lodash": {
      "version": "4.17.4",
      "from": "lodash@>=4.0.0 <5.0.0",
      "resolved": "https://registry.npmjs.org/lodash/-/lodash-4.17.4.tgz"
    },
    "lru-cache": {
      "version": "2.7.3",
      "from": "lru-cache@>=2.6.5 <3.0.0",
      "resolved": "https://registry.npmjs.org/lru-cache/-/lru-cache-2.7.3.tgz"
    },
    "minimal-request-promise": {
      "version": "1.4.0",
      "from": "minimal-request-promise@^1.1.0",
      "resolved": "https://registry.npmjs.org/minimal-request-promise/-/minimal-request-promise-1.4.0.tgz"
    },
    "minimatch": {
      "version": "3.0.4",
      "from": "minimatch@2 || 3",
      "resolved": "https://registry.npmjs.org/minimatch/-/minimatch-3.0.4.tgz"
    },
    "minimist": {
      "version": "1.2.0",
      "from": "minimist@^1.2.0",
      "resolved": "https://registry.npmjs.org/minimist/-/minimist-1.2.0.tgz"
    },
    "mkdirp": {
      "version": "0.5.1",
      "from": "mkdirp@^0.5.0",
      "resolved": "https://registry.npmjs.org/mkdirp/-/mkdirp-0.5.1.tgz",
      "dependencies": {
        "minimist": {
          "version": "0.0.8",
          "from": "minimist@0.0.8",
          "resolved": "https://registry.npmjs.org/minimist/-/minimist-0.0.8.tgz"
        }
      }
    },
    "ms": {
      "version": "2.0.0",
      "from": "ms@2.0.0",
      "resolved": "https://registry.npmjs.org/ms/-/ms-2.0.0.tgz"
    },
    "netmask": {
      "version": "1.0.6",
      "from": "netmask@>=1.0.6 <2.0.0",
      "resolved": "https://registry.npmjs.org/netmask/-/netmask-1.0.6.tgz"
    },
    "normalize-path": {
      "version": "2.1.1",
      "from": "normalize-path@>=2.0.0 <3.0.0",
      "resolved": "https://registry.npmjs.org/normalize-path/-/normalize-path-2.1.1.tgz"
    },
    "oh-no-i-insist": {
      "version": "1.1.1",
      "from": "oh-no-i-insist@^1.1.1",
      "resolved": "https://registry.npmjs.org/oh-no-i-insist/-/oh-no-i-insist-1.1.1.tgz"
    },
    "once": {
      "version": "1.4.0",
      "from": "once@^1.3.0",
      "resolved": "https://registry.npmjs.org/once/-/once-1.4.0.tgz"
    },
    "optionator": {
      "version": "0.8.2",
      "from": "optionator@^0.8.1",
      "resolved": "https://registry.npmjs.org/optionator/-/optionator-0.8.2.tgz"
    },
    "pac-proxy-agent": {
      "version": "2.0.0",
      "from": "pac-proxy-agent@>=2.0.0 <3.0.0",
      "resolved": "https://registry.npmjs.org/pac-proxy-agent/-/pac-proxy-agent-2.0.0.tgz",
      "dependencies": {
        "agent-base": {
          "version": "2.1.1",
          "from": "agent-base@>=2.1.1 <3.0.0",
          "resolved": "https://registry.npmjs.org/agent-base/-/agent-base-2.1.1.tgz"
        }
      }
    },
    "pac-resolver": {
      "version": "3.0.0",
      "from": "pac-resolver@>=3.0.0 <4.0.0",
      "resolved": "https://registry.npmjs.org/pac-resolver/-/pac-resolver-3.0.0.tgz"
    },
    "pako": {
      "version": "0.2.9",
      "from": "pako@~0.2.0",
      "resolved": "https://registry.npmjs.org/pako/-/pako-0.2.9.tgz"
    },
    "path-is-absolute": {
      "version": "1.0.1",
      "from": "path-is-absolute@^1.0.0",
      "resolved": "https://registry.npmjs.org/path-is-absolute/-/path-is-absolute-1.0.1.tgz"
    },
    "peek-stream": {
      "version": "1.1.2",
      "from": "peek-stream@^1.1.0",
      "resolved": "https://registry.npmjs.org/peek-stream/-/peek-stream-1.1.2.tgz"
    },
    "prelude-ls": {
      "version": "1.1.2",
      "from": "prelude-ls@~1.1.2",
      "resolved": "https://registry.npmjs.org/prelude-ls/-/prelude-ls-1.1.2.tgz"
    },
    "process-nextick-args": {
      "version": "1.0.7",
      "from": "process-nextick-args@~1.0.6",
      "resolved": "https://registry.npmjs.org/process-nextick-args/-/process-nextick-args-1.0.7.tgz"
    },
    "proxy-agent": {
      "version": "2.2.0",
      "from": "proxy-agent@latest",
      "resolved": "https://registry.npmjs.org/proxy-agent/-/proxy-agent-2.2.0.tgz"
    },
    "pump": {
      "version": "1.0.2",
      "from": "pump@^1.0.0",
      "resolved": "https://registry.npmjs.org/pump/-/pump-1.0.2.tgz"
    },
    "pumpify": {
      "version": "1.3.5",
      "from": "pumpify@^1.3.3",
      "resolved": "https://registry.npmjs.org/pumpify/-/pumpify-1.3.5.tgz"
    },
    "punycode": {
      "version": "1.3.2",
      "from": "punycode@1.3.2",
      "resolved": "https://registry.npmjs.org/punycode/-/punycode-1.3.2.tgz"
    },
    "querystring": {
      "version": "0.2.0",
      "from": "querystring@0.2.0",
      "resolved": "https://registry.npmjs.org/querystring/-/querystring-0.2.0.tgz"
    },
    "raw-body": {
      "version": "2.3.2",
      "from": "raw-body@>=2.2.0 <3.0.0",
      "resolved": "https://registry.npmjs.org/raw-body/-/raw-body-2.3.2.tgz"
    },
    "readable-stream": {
      "version": "2.0.6",
      "from": "readable-stream@~2.0.0",
      "resolved": "https://registry.npmjs.org/readable-stream/-/readable-stream-2.0.6.tgz",
      "dependencies": {
        "isarray": {
          "version": "1.0.0",
          "from": "isarray@~1.0.0",
          "resolved": "https://registry.npmjs.org/isarray/-/isarray-1.0.0.tgz"
        }
      }
    },
    "remove-trailing-separator": {
      "version": "1.0.2",
      "from": "remove-trailing-separator@>=1.0.1 <2.0.0",
      "resolved": "https://registry.npmjs.org/remove-trailing-separator/-/remove-trailing-separator-1.0.2.tgz"
    },
    "safe-buffer": {
      "version": "5.0.1",
      "from": "safe-buffer@^5.0.1",
      "resolved": "https://registry.npmjs.org/safe-buffer/-/safe-buffer-5.0.1.tgz"
    },
    "sax": {
      "version": "1.2.1",
      "from": "sax@1.2.1",
      "resolved": "https://registry.npmjs.org/sax/-/sax-1.2.1.tgz"
    },
    "semver": {
      "version": "5.0.3",
      "from": "semver@>=5.0.1 <5.1.0",
      "resolved": "https://registry.npmjs.org/semver/-/semver-5.0.3.tgz"
    },
    "sequential-promise-map": {
      "version": "1.0.0",
      "from": "sequential-promise-map@latest",
      "resolved": "https://registry.npmjs.org/sequential-promise-map/-/sequential-promise-map-1.0.0.tgz"
    },
    "setprototypeof": {
      "version": "1.0.3",
      "from": "setprototypeof@1.0.3",
      "resolved": "https://registry.npmjs.org/setprototypeof/-/setprototypeof-1.0.3.tgz"
    },
    "shelljs": {
      "version": "0.5.3",
      "from": "shelljs@^0.5.3",
      "resolved": "https://registry.npmjs.org/shelljs/-/shelljs-0.5.3.tgz"
    },
    "smart-buffer": {
      "version": "1.1.15",
      "from": "smart-buffer@>=1.0.13 <2.0.0",
      "resolved": "https://registry.npmjs.org/smart-buffer/-/smart-buffer-1.1.15.tgz"
    },
    "socks": {
      "version": "1.1.10",
      "from": "socks@>=1.1.10 <2.0.0",
      "resolved": "https://registry.npmjs.org/socks/-/socks-1.1.10.tgz"
    },
    "socks-proxy-agent": {
      "version": "3.0.1",
      "from": "socks-proxy-agent@>=3.0.0 <4.0.0",
      "resolved": "https://registry.npmjs.org/socks-proxy-agent/-/socks-proxy-agent-3.0.1.tgz"
    },
    "source-map": {
      "version": "0.6.1",
      "from": "source-map@>=0.6.1 <0.7.0",
      "resolved": "https://registry.npmjs.org/source-map/-/source-map-0.6.1.tgz",
      "optional": true
    },
    "statuses": {
      "version": "1.4.0",
      "from": "statuses@>=1.3.1 <2.0.0",
      "resolved": "https://registry.npmjs.org/statuses/-/statuses-1.4.0.tgz"
    },
    "stream-shift": {
      "version": "1.0.0",
      "from": "stream-shift@^1.0.0",
      "resolved": "https://registry.npmjs.org/stream-shift/-/stream-shift-1.0.0.tgz"
    },
    "string_decoder": {
      "version": "0.10.31",
      "from": "string_decoder@~0.10.x",
      "resolved": "https://registry.npmjs.org/string_decoder/-/string_decoder-0.10.31.tgz"
    },
    "tar-fs": {
      "version": "1.15.2",
      "from": "tar-fs@^1.14.0",
      "resolved": "https://registry.npmjs.org/tar-fs/-/tar-fs-1.15.2.tgz"
    },
    "tar-stream": {
      "version": "1.3.2",
      "from": "tar-stream@~1.3.1",
      "resolved": "https://registry.npmjs.org/tar-stream/-/tar-stream-1.3.2.tgz"
    },
    "through2": {
      "version": "2.0.3",
      "from": "through2@^2.0.3",
      "resolved": "https://registry.npmjs.org/through2/-/through2-2.0.3.tgz",
      "dependencies": {
        "isarray": {
          "version": "1.0.0",
          "from": "isarray@~1.0.0",
          "resolved": "https://registry.npmjs.org/isarray/-/isarray-1.0.0.tgz"
        },
        "readable-stream": {
          "version": "2.2.10",
          "from": "readable-stream@^2.1.5",
          "resolved": "https://registry.npmjs.org/readable-stream/-/readable-stream-2.2.10.tgz"
        },
        "string_decoder": {
          "version": "1.0.1",
          "from": "string_decoder@~1.0.0",
          "resolved": "https://registry.npmjs.org/string_decoder/-/string_decoder-1.0.1.tgz"
        }
      }
    },
    "thunkify": {
      "version": "2.1.2",
      "from": "thunkify@>=2.1.2 <3.0.0",
      "resolved": "https://registry.npmjs.org/thunkify/-/thunkify-2.1.2.tgz"
    },
    "type-check": {
      "version": "0.3.2",
      "from": "type-check@~0.3.2",
      "resolved": "https://registry.npmjs.org/type-check/-/type-check-0.3.2.tgz"
    },
    "unpipe": {
      "version": "1.0.0",
      "from": "unpipe@1.0.0",
      "resolved": "https://registry.npmjs.org/unpipe/-/unpipe-1.0.0.tgz"
    },
    "url": {
      "version": "0.10.3",
      "from": "url@0.10.3",
      "resolved": "https://registry.npmjs.org/url/-/url-0.10.3.tgz"
    },
    "util-deprecate": {
      "version": "1.0.2",
      "from": "util-deprecate@~1.0.1",
      "resolved": "https://registry.npmjs.org/util-deprecate/-/util-deprecate-1.0.2.tgz"
    },
    "uuid": {
      "version": "2.0.3",
      "from": "uuid@^2.0.1",
      "resolved": "https://registry.npmjs.org/uuid/-/uuid-2.0.3.tgz"
    },
    "walkdir": {
      "version": "0.0.11",
      "from": "walkdir@^0.0.11",
      "resolved": "https://registry.npmjs.org/walkdir/-/walkdir-0.0.11.tgz"
    },
    "wordwrap": {
      "version": "1.0.0",
      "from": "wordwrap@~1.0.0",
      "resolved": "https://registry.npmjs.org/wordwrap/-/wordwrap-1.0.0.tgz"
    },
    "wrappy": {
      "version": "1.0.2",
      "from": "wrappy@1",
      "resolved": "https://registry.npmjs.org/wrappy/-/wrappy-1.0.2.tgz"
    },
    "xml2js": {
      "version": "0.4.17",
      "from": "xml2js@0.4.17",
      "resolved": "https://registry.npmjs.org/xml2js/-/xml2js-0.4.17.tgz"
    },
    "xmlbuilder": {
      "version": "4.2.1",
      "from": "xmlbuilder@4.2.1",
      "resolved": "https://registry.npmjs.org/xmlbuilder/-/xmlbuilder-4.2.1.tgz"
    },
    "xregexp": {
      "version": "2.0.0",
      "from": "xregexp@2.0.0",
      "resolved": "https://registry.npmjs.org/xregexp/-/xregexp-2.0.0.tgz"
    },
    "xtend": {
      "version": "4.0.1",
      "from": "xtend@^4.0.0",
      "resolved": "https://registry.npmjs.org/xtend/-/xtend-4.0.1.tgz"
    },
    "zip-stream": {
      "version": "1.2.0",
      "from": "zip-stream@>=1.2.0 <2.0.0",
      "resolved": "https://registry.npmjs.org/zip-stream/-/zip-stream-1.2.0.tgz"
    }
  }
}
