{
  "name": "claudia",
  "version": "5.3.0",
  "dependencies": {
    "agent-base": {
      "version": "4.2.1",
      "from": "agent-base@>=4.1.0 <5.0.0",
      "resolved": "https://registry.npmjs.org/agent-base/-/agent-base-4.2.1.tgz"
    },
    "archiver": {
      "version": "2.1.1",
      "from": "archiver@>=2.0.0 <3.0.0",
      "resolved": "https://registry.npmjs.org/archiver/-/archiver-2.1.1.tgz"
    },
    "archiver-utils": {
      "version": "1.3.0",
      "from": "archiver-utils@>=1.3.0 <2.0.0",
      "resolved": "https://registry.npmjs.org/archiver-utils/-/archiver-utils-1.3.0.tgz"
    },
    "async": {
      "version": "2.6.1",
      "from": "async@>=2.0.0 <3.0.0",
      "resolved": "https://registry.npmjs.org/async/-/async-2.6.1.tgz"
    },
    "aws-sdk": {
      "version": "2.395.0",
      "from": "aws-sdk@latest",
      "resolved": "https://registry.npmjs.org/aws-sdk/-/aws-sdk-2.395.0.tgz",
      "dependencies": {
        "buffer": {
          "version": "4.9.1",
          "from": "buffer@4.9.1",
          "resolved": "https://registry.npmjs.org/buffer/-/buffer-4.9.1.tgz"
        },
        "ieee754": {
          "version": "1.1.8",
          "from": "ieee754@1.1.8",
          "resolved": "https://registry.npmjs.org/ieee754/-/ieee754-1.1.8.tgz"
        },
        "uuid": {
          "version": "3.3.2",
          "from": "uuid@3.3.2",
          "resolved": "https://registry.npmjs.org/uuid/-/uuid-3.3.2.tgz"
        }
      }
    },
    "balanced-match": {
      "version": "1.0.0",
      "from": "balanced-match@>=1.0.0 <2.0.0",
      "resolved": "https://registry.npmjs.org/balanced-match/-/balanced-match-1.0.0.tgz"
    },
    "base64-js": {
      "version": "1.3.0",
      "from": "base64-js@>=1.0.2 <2.0.0",
      "resolved": "https://registry.npmjs.org/base64-js/-/base64-js-1.3.0.tgz"
    },
    "bl": {
      "version": "1.2.2",
      "from": "bl@>=1.0.0 <2.0.0",
      "resolved": "https://registry.npmjs.org/bl/-/bl-1.2.2.tgz"
    },
    "brace-expansion": {
      "version": "1.1.11",
      "from": "brace-expansion@>=1.1.7 <2.0.0",
      "resolved": "https://registry.npmjs.org/brace-expansion/-/brace-expansion-1.1.11.tgz"
    },
    "browserify-zlib": {
      "version": "0.1.4",
      "from": "browserify-zlib@>=0.1.4 <0.2.0",
      "resolved": "https://registry.npmjs.org/browserify-zlib/-/browserify-zlib-0.1.4.tgz"
    },
    "buffer": {
      "version": "5.1.0",
      "from": "buffer@>=5.1.0 <6.0.0",
      "resolved": "https://registry.npmjs.org/buffer/-/buffer-5.1.0.tgz"
    },
    "buffer-alloc": {
      "version": "1.2.0",
      "from": "buffer-alloc@>=1.1.0 <2.0.0",
      "resolved": "https://registry.npmjs.org/buffer-alloc/-/buffer-alloc-1.2.0.tgz"
    },
    "buffer-alloc-unsafe": {
      "version": "1.1.0",
      "from": "buffer-alloc-unsafe@>=1.1.0 <2.0.0",
      "resolved": "https://registry.npmjs.org/buffer-alloc-unsafe/-/buffer-alloc-unsafe-1.1.0.tgz"
    },
    "buffer-crc32": {
      "version": "0.2.13",
      "from": "buffer-crc32@>=0.2.1 <0.3.0",
      "resolved": "https://registry.npmjs.org/buffer-crc32/-/buffer-crc32-0.2.13.tgz"
    },
    "buffer-fill": {
      "version": "1.0.0",
      "from": "buffer-fill@>=1.0.0 <2.0.0",
      "resolved": "https://registry.npmjs.org/buffer-fill/-/buffer-fill-1.0.0.tgz"
    },
    "buffer-from": {
      "version": "1.1.0",
      "from": "buffer-from@>=1.0.0 <2.0.0",
      "resolved": "https://registry.npmjs.org/buffer-from/-/buffer-from-1.1.0.tgz"
    },
    "chownr": {
      "version": "1.0.1",
      "from": "chownr@>=1.0.1 <2.0.0",
      "resolved": "https://registry.npmjs.org/chownr/-/chownr-1.0.1.tgz"
    },
    "compress-commons": {
      "version": "1.2.2",
      "from": "compress-commons@>=1.2.0 <2.0.0",
      "resolved": "https://registry.npmjs.org/compress-commons/-/compress-commons-1.2.2.tgz"
    },
    "concat-map": {
      "version": "0.0.1",
      "from": "concat-map@0.0.1",
      "resolved": "https://registry.npmjs.org/concat-map/-/concat-map-0.0.1.tgz"
    },
    "core-util-is": {
      "version": "1.0.2",
      "from": "core-util-is@>=1.0.0 <1.1.0",
      "resolved": "https://registry.npmjs.org/core-util-is/-/core-util-is-1.0.2.tgz"
    },
    "crc": {
      "version": "3.6.0",
      "from": "crc@>=3.4.4 <4.0.0",
      "resolved": "https://registry.npmjs.org/crc/-/crc-3.6.0.tgz"
    },
    "crc32-stream": {
      "version": "2.0.0",
      "from": "crc32-stream@>=2.0.0 <3.0.0",
      "resolved": "https://registry.npmjs.org/crc32-stream/-/crc32-stream-2.0.0.tgz"
    },
    "debug": {
      "version": "3.1.0",
      "from": "debug@>=3.1.0 <4.0.0",
      "resolved": "https://registry.npmjs.org/debug/-/debug-3.1.0.tgz"
    },
    "duplexify": {
      "version": "3.6.0",
      "from": "duplexify@>=3.5.0 <4.0.0",
      "resolved": "https://registry.npmjs.org/duplexify/-/duplexify-3.6.0.tgz"
    },
    "end-of-stream": {
      "version": "1.4.1",
      "from": "end-of-stream@>=1.0.0 <2.0.0",
      "resolved": "https://registry.npmjs.org/end-of-stream/-/end-of-stream-1.4.1.tgz"
    },
    "es6-promise": {
      "version": "4.2.4",
      "from": "es6-promise@>=4.0.3 <5.0.0",
      "resolved": "https://registry.npmjs.org/es6-promise/-/es6-promise-4.2.4.tgz"
    },
    "es6-promisify": {
      "version": "5.0.0",
      "from": "es6-promisify@>=5.0.0 <6.0.0",
      "resolved": "https://registry.npmjs.org/es6-promisify/-/es6-promisify-5.0.0.tgz"
    },
    "events": {
      "version": "1.1.1",
      "from": "events@1.1.1",
      "resolved": "https://registry.npmjs.org/events/-/events-1.1.1.tgz"
    },
    "fs-constants": {
      "version": "1.0.0",
      "from": "fs-constants@>=1.0.0 <2.0.0",
      "resolved": "https://registry.npmjs.org/fs-constants/-/fs-constants-1.0.0.tgz"
    },
    "fs-extra": {
      "version": "6.0.1",
      "from": "fs-extra@>=6.0.1 <7.0.0",
      "resolved": "https://registry.npmjs.org/fs-extra/-/fs-extra-6.0.1.tgz"
    },
    "fs.realpath": {
      "version": "1.0.0",
      "from": "fs.realpath@>=1.0.0 <2.0.0",
      "resolved": "https://registry.npmjs.org/fs.realpath/-/fs.realpath-1.0.0.tgz"
    },
    "glob": {
      "version": "7.1.2",
      "from": "glob@>=7.1.2 <8.0.0",
      "resolved": "https://registry.npmjs.org/glob/-/glob-7.1.2.tgz"
    },
    "graceful-fs": {
      "version": "4.1.11",
      "from": "graceful-fs@>=4.1.0 <5.0.0",
      "resolved": "https://registry.npmjs.org/graceful-fs/-/graceful-fs-4.1.11.tgz"
    },
    "gunzip-maybe": {
      "version": "1.4.1",
      "from": "gunzip-maybe@>=1.4.0 <2.0.0",
      "resolved": "https://registry.npmjs.org/gunzip-maybe/-/gunzip-maybe-1.4.1.tgz"
    },
    "https-proxy-agent": {
      "version": "2.2.1",
      "from": "https-proxy-agent@>=2.2.1 <3.0.0",
      "resolved": "https://registry.npmjs.org/https-proxy-agent/-/https-proxy-agent-2.2.1.tgz"
    },
    "ieee754": {
      "version": "1.1.12",
      "from": "ieee754@>=1.1.4 <2.0.0",
      "resolved": "https://registry.npmjs.org/ieee754/-/ieee754-1.1.12.tgz"
    },
    "inflight": {
      "version": "1.0.6",
      "from": "inflight@>=1.0.4 <2.0.0",
      "resolved": "https://registry.npmjs.org/inflight/-/inflight-1.0.6.tgz"
    },
    "inherits": {
      "version": "2.0.3",
      "from": "inherits@>=2.0.0 <3.0.0",
      "resolved": "https://registry.npmjs.org/inherits/-/inherits-2.0.3.tgz"
    },
    "is-deflate": {
      "version": "1.0.0",
      "from": "is-deflate@>=1.0.0 <2.0.0",
      "resolved": "https://registry.npmjs.org/is-deflate/-/is-deflate-1.0.0.tgz"
    },
    "is-gzip": {
      "version": "1.0.0",
      "from": "is-gzip@>=1.0.0 <2.0.0",
      "resolved": "https://registry.npmjs.org/is-gzip/-/is-gzip-1.0.0.tgz"
    },
    "isarray": {
      "version": "1.0.0",
      "from": "isarray@>=1.0.0 <1.1.0",
      "resolved": "https://registry.npmjs.org/isarray/-/isarray-1.0.0.tgz"
    },
    "isexe": {
      "version": "2.0.0",
      "from": "isexe@>=2.0.0 <3.0.0",
      "resolved": "https://registry.npmjs.org/isexe/-/isexe-2.0.0.tgz"
    },
    "jmespath": {
      "version": "0.15.0",
      "from": "jmespath@0.15.0",
      "resolved": "https://registry.npmjs.org/jmespath/-/jmespath-0.15.0.tgz"
    },
    "jsonfile": {
      "version": "4.0.0",
      "from": "jsonfile@>=4.0.0 <5.0.0",
      "resolved": "https://registry.npmjs.org/jsonfile/-/jsonfile-4.0.0.tgz"
    },
    "lazystream": {
      "version": "1.0.0",
      "from": "lazystream@>=1.0.0 <2.0.0",
      "resolved": "https://registry.npmjs.org/lazystream/-/lazystream-1.0.0.tgz"
    },
    "lodash": {
      "version": "4.17.10",
      "from": "lodash@>=4.8.0 <5.0.0",
      "resolved": "https://registry.npmjs.org/lodash/-/lodash-4.17.10.tgz"
    },
    "minimal-request-promise": {
      "version": "1.5.0",
      "from": "minimal-request-promise@>=1.1.0 <2.0.0",
      "resolved": "https://registry.npmjs.org/minimal-request-promise/-/minimal-request-promise-1.5.0.tgz"
    },
    "minimatch": {
      "version": "3.0.4",
      "from": "minimatch@>=3.0.4 <4.0.0",
      "resolved": "https://registry.npmjs.org/minimatch/-/minimatch-3.0.4.tgz"
    },
    "minimist": {
      "version": "1.2.0",
      "from": "minimist@>=1.2.0 <2.0.0",
      "resolved": "https://registry.npmjs.org/minimist/-/minimist-1.2.0.tgz"
    },
    "mkdirp": {
      "version": "0.5.1",
      "from": "mkdirp@>=0.5.1 <0.6.0",
      "resolved": "https://registry.npmjs.org/mkdirp/-/mkdirp-0.5.1.tgz",
      "dependencies": {
        "minimist": {
          "version": "0.0.8",
          "from": "minimist@0.0.8",
          "resolved": "https://registry.npmjs.org/minimist/-/minimist-0.0.8.tgz"
        }
      }
    },
    "ms": {
      "version": "2.0.0",
      "from": "ms@2.0.0",
      "resolved": "https://registry.npmjs.org/ms/-/ms-2.0.0.tgz"
    },
    "normalize-path": {
      "version": "2.1.1",
      "from": "normalize-path@>=2.0.0 <3.0.0",
      "resolved": "https://registry.npmjs.org/normalize-path/-/normalize-path-2.1.1.tgz"
    },
    "oh-no-i-insist": {
      "version": "1.1.1",
      "from": "oh-no-i-insist@>=1.1.1 <2.0.0",
      "resolved": "https://registry.npmjs.org/oh-no-i-insist/-/oh-no-i-insist-1.1.1.tgz"
    },
    "once": {
      "version": "1.4.0",
      "from": "once@>=1.3.0 <2.0.0",
      "resolved": "https://registry.npmjs.org/once/-/once-1.4.0.tgz"
    },
    "pako": {
      "version": "0.2.9",
      "from": "pako@>=0.2.0 <0.3.0",
      "resolved": "https://registry.npmjs.org/pako/-/pako-0.2.9.tgz"
    },
    "path-is-absolute": {
      "version": "1.0.1",
      "from": "path-is-absolute@>=1.0.0 <2.0.0",
      "resolved": "https://registry.npmjs.org/path-is-absolute/-/path-is-absolute-1.0.1.tgz"
    },
    "peek-stream": {
      "version": "1.1.3",
      "from": "peek-stream@>=1.1.0 <2.0.0",
      "resolved": "https://registry.npmjs.org/peek-stream/-/peek-stream-1.1.3.tgz"
    },
    "process-nextick-args": {
      "version": "2.0.0",
      "from": "process-nextick-args@>=2.0.0 <2.1.0",
      "resolved": "https://registry.npmjs.org/process-nextick-args/-/process-nextick-args-2.0.0.tgz"
    },
    "pump": {
      "version": "2.0.1",
      "from": "pump@>=2.0.0 <3.0.0",
      "resolved": "https://registry.npmjs.org/pump/-/pump-2.0.1.tgz"
    },
    "pumpify": {
      "version": "1.5.1",
      "from": "pumpify@>=1.3.3 <2.0.0",
      "resolved": "https://registry.npmjs.org/pumpify/-/pumpify-1.5.1.tgz"
    },
    "punycode": {
      "version": "1.3.2",
      "from": "punycode@1.3.2",
      "resolved": "https://registry.npmjs.org/punycode/-/punycode-1.3.2.tgz"
    },
    "querystring": {
      "version": "0.2.0",
      "from": "querystring@0.2.0",
      "resolved": "https://registry.npmjs.org/querystring/-/querystring-0.2.0.tgz"
    },
    "readable-stream": {
      "version": "2.3.6",
      "from": "readable-stream@>=2.0.0 <3.0.0",
      "resolved": "https://registry.npmjs.org/readable-stream/-/readable-stream-2.3.6.tgz"
    },
    "remove-trailing-separator": {
      "version": "1.1.0",
      "from": "remove-trailing-separator@>=1.0.1 <2.0.0",
      "resolved": "https://registry.npmjs.org/remove-trailing-separator/-/remove-trailing-separator-1.1.0.tgz"
    },
    "safe-buffer": {
      "version": "5.1.2",
      "from": "safe-buffer@>=5.1.1 <5.2.0",
      "resolved": "https://registry.npmjs.org/safe-buffer/-/safe-buffer-5.1.2.tgz"
    },
    "sax": {
      "version": "1.2.1",
      "from": "sax@1.2.1",
      "resolved": "https://registry.npmjs.org/sax/-/sax-1.2.1.tgz"
    },
    "sequential-promise-map": {
      "version": "1.0.4",
      "from": "sequential-promise-map@>=1.0.0 <2.0.0",
      "resolved": "https://registry.npmjs.org/sequential-promise-map/-/sequential-promise-map-1.0.4.tgz"
    },
    "stream-shift": {
      "version": "1.0.0",
      "from": "stream-shift@>=1.0.0 <2.0.0",
      "resolved": "https://registry.npmjs.org/stream-shift/-/stream-shift-1.0.0.tgz"
    },
    "string_decoder": {
      "version": "1.1.1",
      "from": "string_decoder@>=1.1.1 <1.2.0",
      "resolved": "https://registry.npmjs.org/string_decoder/-/string_decoder-1.1.1.tgz"
    },
    "tar-fs": {
      "version": "1.16.3",
      "from": "tar-fs@>=1.14.0 <2.0.0",
      "resolved": "https://registry.npmjs.org/tar-fs/-/tar-fs-1.16.3.tgz",
      "dependencies": {
        "pump": {
          "version": "1.0.3",
          "from": "pump@>=1.0.0 <2.0.0",
          "resolved": "https://registry.npmjs.org/pump/-/pump-1.0.3.tgz"
        }
      }
    },
    "tar-stream": {
      "version": "1.6.1",
      "from": "tar-stream@>=1.5.0 <2.0.0",
      "resolved": "https://registry.npmjs.org/tar-stream/-/tar-stream-1.6.1.tgz"
    },
    "through2": {
      "version": "2.0.3",
      "from": "through2@>=2.0.3 <3.0.0",
      "resolved": "https://registry.npmjs.org/through2/-/through2-2.0.3.tgz"
    },
    "to-buffer": {
      "version": "1.1.1",
      "from": "to-buffer@>=1.1.0 <2.0.0",
      "resolved": "https://registry.npmjs.org/to-buffer/-/to-buffer-1.1.1.tgz"
    },
    "universalify": {
      "version": "0.1.2",
      "from": "universalify@>=0.1.0 <0.2.0",
      "resolved": "https://registry.npmjs.org/universalify/-/universalify-0.1.2.tgz"
    },
    "url": {
      "version": "0.10.3",
      "from": "url@0.10.3",
      "resolved": "https://registry.npmjs.org/url/-/url-0.10.3.tgz"
    },
    "util-deprecate": {
      "version": "1.0.2",
      "from": "util-deprecate@>=1.0.1 <1.1.0",
      "resolved": "https://registry.npmjs.org/util-deprecate/-/util-deprecate-1.0.2.tgz"
    },
    "uuid": {
      "version": "2.0.3",
      "from": "uuid@>=2.0.1 <3.0.0",
      "resolved": "https://registry.npmjs.org/uuid/-/uuid-2.0.3.tgz"
    },
    "which": {
      "version": "1.3.1",
      "from": "which@>=1.3.1 <2.0.0",
      "resolved": "https://registry.npmjs.org/which/-/which-1.3.1.tgz"
    },
    "wrappy": {
      "version": "1.0.2",
      "from": "wrappy@>=1.0.0 <2.0.0",
      "resolved": "https://registry.npmjs.org/wrappy/-/wrappy-1.0.2.tgz"
    },
    "xml2js": {
      "version": "0.4.19",
      "from": "xml2js@0.4.19",
      "resolved": "https://registry.npmjs.org/xml2js/-/xml2js-0.4.19.tgz"
    },
    "xmlbuilder": {
      "version": "9.0.7",
      "from": "xmlbuilder@>=9.0.1 <9.1.0",
      "resolved": "https://registry.npmjs.org/xmlbuilder/-/xmlbuilder-9.0.7.tgz"
    },
    "xtend": {
      "version": "4.0.1",
      "from": "xtend@>=4.0.0 <5.0.0",
      "resolved": "https://registry.npmjs.org/xtend/-/xtend-4.0.1.tgz"
    },
    "zip-stream": {
      "version": "1.2.0",
      "from": "zip-stream@>=1.2.0 <2.0.0",
      "resolved": "https://registry.npmjs.org/zip-stream/-/zip-stream-1.2.0.tgz"
    }
  }
}
